// !$*UTF8*$!
{
	archiveVersion = 1;
	classes = {
	};
	objectVersion = 50;
	objects = {

/* Begin PBXBuildFile section */
		DBFA05F42459F26100A131B8 /* AppDelegate.swift in Sources */ = {isa = PBXBuildFile; fileRef = DBFA05F32459F26100A131B8 /* AppDelegate.swift */; };
		DBFA05F62459F26100A131B8 /* SceneDelegate.swift in Sources */ = {isa = PBXBuildFile; fileRef = DBFA05F52459F26100A131B8 /* SceneDelegate.swift */; };
		DBFA05FB2459F26100A131B8 /* Main.storyboard in Resources */ = {isa = PBXBuildFile; fileRef = DBFA05F92459F26100A131B8 /* Main.storyboard */; };
		DBFA05FE2459F26100A131B8 /* Field_Survey.xcdatamodeld in Sources */ = {isa = PBXBuildFile; fileRef = DBFA05FC2459F26100A131B8 /* Field_Survey.xcdatamodeld */; };
		DBFA06002459F26200A131B8 /* Assets.xcassets in Resources */ = {isa = PBXBuildFile; fileRef = DBFA05FF2459F26200A131B8 /* Assets.xcassets */; };
		DBFA06032459F26200A131B8 /* LaunchScreen.storyboard in Resources */ = {isa = PBXBuildFile; fileRef = DBFA06012459F26200A131B8 /* LaunchScreen.storyboard */; };
		DBFA060E2459F26200A131B8 /* Field_SurveyTests.swift in Sources */ = {isa = PBXBuildFile; fileRef = DBFA060D2459F26200A131B8 /* Field_SurveyTests.swift */; };
		DBFA06192459F26200A131B8 /* Field_SurveyUITests.swift in Sources */ = {isa = PBXBuildFile; fileRef = DBFA06182459F26200A131B8 /* Field_SurveyUITests.swift */; };
		DBFA062A2459F84800A131B8 /* field_observations.json in Resources */ = {isa = PBXBuildFile; fileRef = DBFA06292459F84800A131B8 /* field_observations.json */; };
		DBFA062C2459F98B00A131B8 /* Animal.swift in Sources */ = {isa = PBXBuildFile; fileRef = DBFA062B2459F98B00A131B8 /* Animal.swift */; };
		DBFA06302459FBFC00A131B8 /* AnimalEvent.swift in Sources */ = {isa = PBXBuildFile; fileRef = DBFA062F2459FBFC00A131B8 /* AnimalEvent.swift */; };
		DBFA06322459FE2800A131B8 /* AnimalEventsJSONParser.swift in Sources */ = {isa = PBXBuildFile; fileRef = DBFA06312459FE2800A131B8 /* AnimalEventsJSONParser.swift */; };
		DBFA0634245A05E500A131B8 /* AnimalEventsJSONLoader.swift in Sources */ = {isa = PBXBuildFile; fileRef = DBFA0633245A05E500A131B8 /* AnimalEventsJSONLoader.swift */; };
		DBFA0636245A22D900A131B8 /* AnimalEventViewController.swift in Sources */ = {isa = PBXBuildFile; fileRef = DBFA0635245A22D900A131B8 /* AnimalEventViewController.swift */; };
		DBFA0638245A230300A131B8 /* AnimalEventDetailViewController.swift in Sources */ = {isa = PBXBuildFile; fileRef = DBFA0637245A230300A131B8 /* AnimalEventDetailViewController.swift */; };
		DBFA063A245A298300A131B8 /* AnimalEventTableViewCell.swift in Sources */ = {isa = PBXBuildFile; fileRef = DBFA0639245A298300A131B8 /* AnimalEventTableViewCell.swift */; };
/* End PBXBuildFile section */

/* Begin PBXContainerItemProxy section */
		DBFA060A2459F26200A131B8 /* PBXContainerItemProxy */ = {
			isa = PBXContainerItemProxy;
			containerPortal = DBFA05E82459F26100A131B8 /* Project object */;
			proxyType = 1;
			remoteGlobalIDString = DBFA05EF2459F26100A131B8;
			remoteInfo = "Field Survey";
		};
		DBFA06152459F26200A131B8 /* PBXContainerItemProxy */ = {
			isa = PBXContainerItemProxy;
			containerPortal = DBFA05E82459F26100A131B8 /* Project object */;
			proxyType = 1;
			remoteGlobalIDString = DBFA05EF2459F26100A131B8;
			remoteInfo = "Field Survey";
		};
/* End PBXContainerItemProxy section */

/* Begin PBXFileReference section */
		DBFA05F02459F26100A131B8 /* Field Survey.app */ = {isa = PBXFileReference; explicitFileType = wrapper.application; includeInIndex = 0; path = "Field Survey.app"; sourceTree = BUILT_PRODUCTS_DIR; };
		DBFA05F32459F26100A131B8 /* AppDelegate.swift */ = {isa = PBXFileReference; lastKnownFileType = sourcecode.swift; path = AppDelegate.swift; sourceTree = "<group>"; };
		DBFA05F52459F26100A131B8 /* SceneDelegate.swift */ = {isa = PBXFileReference; lastKnownFileType = sourcecode.swift; path = SceneDelegate.swift; sourceTree = "<group>"; };
		DBFA05FA2459F26100A131B8 /* Base */ = {isa = PBXFileReference; lastKnownFileType = file.storyboard; name = Base; path = Base.lproj/Main.storyboard; sourceTree = "<group>"; };
		DBFA05FD2459F26100A131B8 /* Field_Survey.xcdatamodel */ = {isa = PBXFileReference; lastKnownFileType = wrapper.xcdatamodel; path = Field_Survey.xcdatamodel; sourceTree = "<group>"; };
		DBFA05FF2459F26200A131B8 /* Assets.xcassets */ = {isa = PBXFileReference; lastKnownFileType = folder.assetcatalog; path = Assets.xcassets; sourceTree = "<group>"; };
		DBFA06022459F26200A131B8 /* Base */ = {isa = PBXFileReference; lastKnownFileType = file.storyboard; name = Base; path = Base.lproj/LaunchScreen.storyboard; sourceTree = "<group>"; };
		DBFA06042459F26200A131B8 /* Info.plist */ = {isa = PBXFileReference; lastKnownFileType = text.plist.xml; path = Info.plist; sourceTree = "<group>"; };
		DBFA06092459F26200A131B8 /* Field SurveyTests.xctest */ = {isa = PBXFileReference; explicitFileType = wrapper.cfbundle; includeInIndex = 0; path = "Field SurveyTests.xctest"; sourceTree = BUILT_PRODUCTS_DIR; };
		DBFA060D2459F26200A131B8 /* Field_SurveyTests.swift */ = {isa = PBXFileReference; lastKnownFileType = sourcecode.swift; path = Field_SurveyTests.swift; sourceTree = "<group>"; };
		DBFA060F2459F26200A131B8 /* Info.plist */ = {isa = PBXFileReference; lastKnownFileType = text.plist.xml; path = Info.plist; sourceTree = "<group>"; };
		DBFA06142459F26200A131B8 /* Field SurveyUITests.xctest */ = {isa = PBXFileReference; explicitFileType = wrapper.cfbundle; includeInIndex = 0; path = "Field SurveyUITests.xctest"; sourceTree = BUILT_PRODUCTS_DIR; };
		DBFA06182459F26200A131B8 /* Field_SurveyUITests.swift */ = {isa = PBXFileReference; lastKnownFileType = sourcecode.swift; path = Field_SurveyUITests.swift; sourceTree = "<group>"; };
		DBFA061A2459F26200A131B8 /* Info.plist */ = {isa = PBXFileReference; lastKnownFileType = text.plist.xml; path = Info.plist; sourceTree = "<group>"; };
		DBFA06292459F84800A131B8 /* field_observations.json */ = {isa = PBXFileReference; fileEncoding = 4; lastKnownFileType = text.json; path = field_observations.json; sourceTree = "<group>"; };
		DBFA062B2459F98B00A131B8 /* Animal.swift */ = {isa = PBXFileReference; lastKnownFileType = sourcecode.swift; path = Animal.swift; sourceTree = "<group>"; };
		DBFA062F2459FBFC00A131B8 /* AnimalEvent.swift */ = {isa = PBXFileReference; lastKnownFileType = sourcecode.swift; path = AnimalEvent.swift; sourceTree = "<group>"; };
		DBFA06312459FE2800A131B8 /* AnimalEventsJSONParser.swift */ = {isa = PBXFileReference; lastKnownFileType = sourcecode.swift; path = AnimalEventsJSONParser.swift; sourceTree = "<group>"; };
		DBFA0633245A05E500A131B8 /* AnimalEventsJSONLoader.swift */ = {isa = PBXFileReference; lastKnownFileType = sourcecode.swift; path = AnimalEventsJSONLoader.swift; sourceTree = "<group>"; };
		DBFA0635245A22D900A131B8 /* AnimalEventViewController.swift */ = {isa = PBXFileReference; lastKnownFileType = sourcecode.swift; path = AnimalEventViewController.swift; sourceTree = "<group>"; };
		DBFA0637245A230300A131B8 /* AnimalEventDetailViewController.swift */ = {isa = PBXFileReference; lastKnownFileType = sourcecode.swift; path = AnimalEventDetailViewController.swift; sourceTree = "<group>"; };
		DBFA0639245A298300A131B8 /* AnimalEventTableViewCell.swift */ = {isa = PBXFileReference; lastKnownFileType = sourcecode.swift; path = AnimalEventTableViewCell.swift; sourceTree = "<group>"; };
/* End PBXFileReference section */

/* Begin PBXFrameworksBuildPhase section */
		DBFA05ED2459F26100A131B8 /* Frameworks */ = {
			isa = PBXFrameworksBuildPhase;
			buildActionMask = 2147483647;
			files = (
			);
			runOnlyForDeploymentPostprocessing = 0;
		};
		DBFA06062459F26200A131B8 /* Frameworks */ = {
			isa = PBXFrameworksBuildPhase;
			buildActionMask = 2147483647;
			files = (
			);
			runOnlyForDeploymentPostprocessing = 0;
		};
		DBFA06112459F26200A131B8 /* Frameworks */ = {
			isa = PBXFrameworksBuildPhase;
			buildActionMask = 2147483647;
			files = (
			);
			runOnlyForDeploymentPostprocessing = 0;
		};
/* End PBXFrameworksBuildPhase section */

/* Begin PBXGroup section */
		DBFA05E72459F26100A131B8 = {
			isa = PBXGroup;
			children = (
				DBFA05F22459F26100A131B8 /* Field Survey */,
				DBFA060C2459F26200A131B8 /* Field SurveyTests */,
				DBFA06172459F26200A131B8 /* Field SurveyUITests */,
				DBFA05F12459F26100A131B8 /* Products */,
			);
			sourceTree = "<group>";
		};
		DBFA05F12459F26100A131B8 /* Products */ = {
			isa = PBXGroup;
			children = (
				DBFA05F02459F26100A131B8 /* Field Survey.app */,
				DBFA06092459F26200A131B8 /* Field SurveyTests.xctest */,
				DBFA06142459F26200A131B8 /* Field SurveyUITests.xctest */,
			);
			name = Products;
			sourceTree = "<group>";
		};
		DBFA05F22459F26100A131B8 /* Field Survey */ = {
			isa = PBXGroup;
			children = (
				DBFA06262459F74100A131B8 /* Model */,
				DBFA05F32459F26100A131B8 /* AppDelegate.swift */,
				DBFA05F52459F26100A131B8 /* SceneDelegate.swift */,
				DBFA05F92459F26100A131B8 /* Main.storyboard */,
				DBFA05FF2459F26200A131B8 /* Assets.xcassets */,
				DBFA06012459F26200A131B8 /* LaunchScreen.storyboard */,
				DBFA06042459F26200A131B8 /* Info.plist */,
				DBFA05FC2459F26100A131B8 /* Field_Survey.xcdatamodeld */,
				DBFA0635245A22D900A131B8 /* AnimalEventViewController.swift */,
				DBFA0637245A230300A131B8 /* AnimalEventDetailViewController.swift */,
				DBFA0639245A298300A131B8 /* AnimalEventTableViewCell.swift */,
			);
			path = "Field Survey";
			sourceTree = "<group>";
		};
		DBFA060C2459F26200A131B8 /* Field SurveyTests */ = {
			isa = PBXGroup;
			children = (
				DBFA060D2459F26200A131B8 /* Field_SurveyTests.swift */,
				DBFA060F2459F26200A131B8 /* Info.plist */,
			);
			path = "Field SurveyTests";
			sourceTree = "<group>";
		};
		DBFA06172459F26200A131B8 /* Field SurveyUITests */ = {
			isa = PBXGroup;
			children = (
				DBFA06182459F26200A131B8 /* Field_SurveyUITests.swift */,
				DBFA061A2459F26200A131B8 /* Info.plist */,
			);
			path = "Field SurveyUITests";
			sourceTree = "<group>";
		};
		DBFA06262459F74100A131B8 /* Model */ = {
			isa = PBXGroup;
			children = (
				DBFA06292459F84800A131B8 /* field_observations.json */,
				DBFA062B2459F98B00A131B8 /* Animal.swift */,
				DBFA062F2459FBFC00A131B8 /* AnimalEvent.swift */,
				DBFA06312459FE2800A131B8 /* AnimalEventsJSONParser.swift */,
				DBFA0633245A05E500A131B8 /* AnimalEventsJSONLoader.swift */,
			);
			path = Model;
			sourceTree = "<group>";
		};
/* End PBXGroup section */

/* Begin PBXNativeTarget section */
		DBFA05EF2459F26100A131B8 /* Field Survey */ = {
			isa = PBXNativeTarget;
			buildConfigurationList = DBFA061D2459F26200A131B8 /* Build configuration list for PBXNativeTarget "Field Survey" */;
			buildPhases = (
				DBFA05EC2459F26100A131B8 /* Sources */,
				DBFA05ED2459F26100A131B8 /* Frameworks */,
				DBFA05EE2459F26100A131B8 /* Resources */,
			);
			buildRules = (
			);
			dependencies = (
			);
			name = "Field Survey";
			productName = "Field Survey";
			productReference = DBFA05F02459F26100A131B8 /* Field Survey.app */;
			productType = "com.apple.product-type.application";
		};
		DBFA06082459F26200A131B8 /* Field SurveyTests */ = {
			isa = PBXNativeTarget;
			buildConfigurationList = DBFA06202459F26200A131B8 /* Build configuration list for PBXNativeTarget "Field SurveyTests" */;
			buildPhases = (
				DBFA06052459F26200A131B8 /* Sources */,
				DBFA06062459F26200A131B8 /* Frameworks */,
				DBFA06072459F26200A131B8 /* Resources */,
			);
			buildRules = (
			);
			dependencies = (
				DBFA060B2459F26200A131B8 /* PBXTargetDependency */,
			);
			name = "Field SurveyTests";
			productName = "Field SurveyTests";
			productReference = DBFA06092459F26200A131B8 /* Field SurveyTests.xctest */;
			productType = "com.apple.product-type.bundle.unit-test";
		};
		DBFA06132459F26200A131B8 /* Field SurveyUITests */ = {
			isa = PBXNativeTarget;
			buildConfigurationList = DBFA06232459F26200A131B8 /* Build configuration list for PBXNativeTarget "Field SurveyUITests" */;
			buildPhases = (
				DBFA06102459F26200A131B8 /* Sources */,
				DBFA06112459F26200A131B8 /* Frameworks */,
				DBFA06122459F26200A131B8 /* Resources */,
			);
			buildRules = (
			);
			dependencies = (
				DBFA06162459F26200A131B8 /* PBXTargetDependency */,
			);
			name = "Field SurveyUITests";
			productName = "Field SurveyUITests";
			productReference = DBFA06142459F26200A131B8 /* Field SurveyUITests.xctest */;
			productType = "com.apple.product-type.bundle.ui-testing";
		};
/* End PBXNativeTarget section */

/* Begin PBXProject section */
		DBFA05E82459F26100A131B8 /* Project object */ = {
			isa = PBXProject;
			attributes = {
				LastSwiftUpdateCheck = 1140;
				LastUpgradeCheck = 1140;
				ORGANIZATIONNAME = "Connor Redmond";
				TargetAttributes = {
					DBFA05EF2459F26100A131B8 = {
						CreatedOnToolsVersion = 11.4.1;
					};
					DBFA06082459F26200A131B8 = {
						CreatedOnToolsVersion = 11.4.1;
						TestTargetID = DBFA05EF2459F26100A131B8;
					};
					DBFA06132459F26200A131B8 = {
						CreatedOnToolsVersion = 11.4.1;
						TestTargetID = DBFA05EF2459F26100A131B8;
					};
				};
			};
			buildConfigurationList = DBFA05EB2459F26100A131B8 /* Build configuration list for PBXProject "Field Survey" */;
			compatibilityVersion = "Xcode 9.3";
			developmentRegion = en;
			hasScannedForEncodings = 0;
			knownRegions = (
				en,
				Base,
			);
			mainGroup = DBFA05E72459F26100A131B8;
			productRefGroup = DBFA05F12459F26100A131B8 /* Products */;
			projectDirPath = "";
			projectRoot = "";
			targets = (
				DBFA05EF2459F26100A131B8 /* Field Survey */,
				DBFA06082459F26200A131B8 /* Field SurveyTests */,
				DBFA06132459F26200A131B8 /* Field SurveyUITests */,
			);
		};
/* End PBXProject section */

/* Begin PBXResourcesBuildPhase section */
		DBFA05EE2459F26100A131B8 /* Resources */ = {
			isa = PBXResourcesBuildPhase;
			buildActionMask = 2147483647;
			files = (
				DBFA06032459F26200A131B8 /* LaunchScreen.storyboard in Resources */,
				DBFA062A2459F84800A131B8 /* field_observations.json in Resources */,
				DBFA06002459F26200A131B8 /* Assets.xcassets in Resources */,
				DBFA05FB2459F26100A131B8 /* Main.storyboard in Resources */,
			);
			runOnlyForDeploymentPostprocessing = 0;
		};
		DBFA06072459F26200A131B8 /* Resources */ = {
			isa = PBXResourcesBuildPhase;
			buildActionMask = 2147483647;
			files = (
			);
			runOnlyForDeploymentPostprocessing = 0;
		};
		DBFA06122459F26200A131B8 /* Resources */ = {
			isa = PBXResourcesBuildPhase;
			buildActionMask = 2147483647;
			files = (
			);
			runOnlyForDeploymentPostprocessing = 0;
		};
/* End PBXResourcesBuildPhase section */

/* Begin PBXSourcesBuildPhase section */
		DBFA05EC2459F26100A131B8 /* Sources */ = {
			isa = PBXSourcesBuildPhase;
			buildActionMask = 2147483647;
			files = (
				DBFA0634245A05E500A131B8 /* AnimalEventsJSONLoader.swift in Sources */,
				DBFA06302459FBFC00A131B8 /* AnimalEvent.swift in Sources */,
				DBFA063A245A298300A131B8 /* AnimalEventTableViewCell.swift in Sources */,
				DBFA05F42459F26100A131B8 /* AppDelegate.swift in Sources */,
				DBFA062C2459F98B00A131B8 /* Animal.swift in Sources */,
				DBFA06322459FE2800A131B8 /* AnimalEventsJSONParser.swift in Sources */,
				DBFA0636245A22D900A131B8 /* AnimalEventViewController.swift in Sources */,
				DBFA05FE2459F26100A131B8 /* Field_Survey.xcdatamodeld in Sources */,
				DBFA05F62459F26100A131B8 /* SceneDelegate.swift in Sources */,
				DBFA0638245A230300A131B8 /* AnimalEventDetailViewController.swift in Sources */,
			);
			runOnlyForDeploymentPostprocessing = 0;
		};
		DBFA06052459F26200A131B8 /* Sources */ = {
			isa = PBXSourcesBuildPhase;
			buildActionMask = 2147483647;
			files = (
				DBFA060E2459F26200A131B8 /* Field_SurveyTests.swift in Sources */,
			);
			runOnlyForDeploymentPostprocessing = 0;
		};
		DBFA06102459F26200A131B8 /* Sources */ = {
			isa = PBXSourcesBuildPhase;
			buildActionMask = 2147483647;
			files = (
				DBFA06192459F26200A131B8 /* Field_SurveyUITests.swift in Sources */,
			);
			runOnlyForDeploymentPostprocessing = 0;
		};
/* End PBXSourcesBuildPhase section */

/* Begin PBXTargetDependency section */
		DBFA060B2459F26200A131B8 /* PBXTargetDependency */ = {
			isa = PBXTargetDependency;
			target = DBFA05EF2459F26100A131B8 /* Field Survey */;
			targetProxy = DBFA060A2459F26200A131B8 /* PBXContainerItemProxy */;
		};
		DBFA06162459F26200A131B8 /* PBXTargetDependency */ = {
			isa = PBXTargetDependency;
			target = DBFA05EF2459F26100A131B8 /* Field Survey */;
			targetProxy = DBFA06152459F26200A131B8 /* PBXContainerItemProxy */;
		};
/* End PBXTargetDependency section */

/* Begin PBXVariantGroup section */
		DBFA05F92459F26100A131B8 /* Main.storyboard */ = {
			isa = PBXVariantGroup;
			children = (
				DBFA05FA2459F26100A131B8 /* Base */,
			);
			name = Main.storyboard;
			sourceTree = "<group>";
		};
		DBFA06012459F26200A131B8 /* LaunchScreen.storyboard */ = {
			isa = PBXVariantGroup;
			children = (
				DBFA06022459F26200A131B8 /* Base */,
			);
			name = LaunchScreen.storyboard;
			sourceTree = "<group>";
		};
/* End PBXVariantGroup section */

/* Begin XCBuildConfiguration section */
		DBFA061B2459F26200A131B8 /* Debug */ = {
			isa = XCBuildConfiguration;
			buildSettings = {
				ALWAYS_SEARCH_USER_PATHS = NO;
				CLANG_ANALYZER_NONNULL = YES;
				CLANG_ANALYZER_NUMBER_OBJECT_CONVERSION = YES_AGGRESSIVE;
				CLANG_CXX_LANGUAGE_STANDARD = "gnu++14";
				CLANG_CXX_LIBRARY = "libc++";
				CLANG_ENABLE_MODULES = YES;
				CLANG_ENABLE_OBJC_ARC = YES;
				CLANG_ENABLE_OBJC_WEAK = YES;
				CLANG_WARN_BLOCK_CAPTURE_AUTORELEASING = YES;
				CLANG_WARN_BOOL_CONVERSION = YES;
				CLANG_WARN_COMMA = YES;
				CLANG_WARN_CONSTANT_CONVERSION = YES;
				CLANG_WARN_DEPRECATED_OBJC_IMPLEMENTATIONS = YES;
				CLANG_WARN_DIRECT_OBJC_ISA_USAGE = YES_ERROR;
				CLANG_WARN_DOCUMENTATION_COMMENTS = YES;
				CLANG_WARN_EMPTY_BODY = YES;
				CLANG_WARN_ENUM_CONVERSION = YES;
				CLANG_WARN_INFINITE_RECURSION = YES;
				CLANG_WARN_INT_CONVERSION = YES;
				CLANG_WARN_NON_LITERAL_NULL_CONVERSION = YES;
				CLANG_WARN_OBJC_IMPLICIT_RETAIN_SELF = YES;
				CLANG_WARN_OBJC_LITERAL_CONVERSION = YES;
				CLANG_WARN_OBJC_ROOT_CLASS = YES_ERROR;
				CLANG_WARN_RANGE_LOOP_ANALYSIS = YES;
				CLANG_WARN_STRICT_PROTOTYPES = YES;
				CLANG_WARN_SUSPICIOUS_MOVE = YES;
				CLANG_WARN_UNGUARDED_AVAILABILITY = YES_AGGRESSIVE;
				CLANG_WARN_UNREACHABLE_CODE = YES;
				CLANG_WARN__DUPLICATE_METHOD_MATCH = YES;
				COPY_PHASE_STRIP = NO;
				DEBUG_INFORMATION_FORMAT = dwarf;
				ENABLE_STRICT_OBJC_MSGSEND = YES;
				ENABLE_TESTABILITY = YES;
				GCC_C_LANGUAGE_STANDARD = gnu11;
				GCC_DYNAMIC_NO_PIC = NO;
				GCC_NO_COMMON_BLOCKS = YES;
				GCC_OPTIMIZATION_LEVEL = 0;
				GCC_PREPROCESSOR_DEFINITIONS = (
					"DEBUG=1",
					"$(inherited)",
				);
				GCC_WARN_64_TO_32_BIT_CONVERSION = YES;
				GCC_WARN_ABOUT_RETURN_TYPE = YES_ERROR;
				GCC_WARN_UNDECLARED_SELECTOR = YES;
				GCC_WARN_UNINITIALIZED_AUTOS = YES_AGGRESSIVE;
				GCC_WARN_UNUSED_FUNCTION = YES;
				GCC_WARN_UNUSED_VARIABLE = YES;
				IPHONEOS_DEPLOYMENT_TARGET = 13.4;
				MTL_ENABLE_DEBUG_INFO = INCLUDE_SOURCE;
				MTL_FAST_MATH = YES;
				ONLY_ACTIVE_ARCH = YES;
				SDKROOT = iphoneos;
				SWIFT_ACTIVE_COMPILATION_CONDITIONS = DEBUG;
				SWIFT_OPTIMIZATION_LEVEL = "-Onone";
			};
			name = Debug;
		};
		DBFA061C2459F26200A131B8 /* Release */ = {
			isa = XCBuildConfiguration;
			buildSettings = {
				ALWAYS_SEARCH_USER_PATHS = NO;
				CLANG_ANALYZER_NONNULL = YES;
				CLANG_ANALYZER_NUMBER_OBJECT_CONVERSION = YES_AGGRESSIVE;
				CLANG_CXX_LANGUAGE_STANDARD = "gnu++14";
				CLANG_CXX_LIBRARY = "libc++";
				CLANG_ENABLE_MODULES = YES;
				CLANG_ENABLE_OBJC_ARC = YES;
				CLANG_ENABLE_OBJC_WEAK = YES;
				CLANG_WARN_BLOCK_CAPTURE_AUTORELEASING = YES;
				CLANG_WARN_BOOL_CONVERSION = YES;
				CLANG_WARN_COMMA = YES;
				CLANG_WARN_CONSTANT_CONVERSION = YES;
				CLANG_WARN_DEPRECATED_OBJC_IMPLEMENTATIONS = YES;
				CLANG_WARN_DIRECT_OBJC_ISA_USAGE = YES_ERROR;
				CLANG_WARN_DOCUMENTATION_COMMENTS = YES;
				CLANG_WARN_EMPTY_BODY = YES;
				CLANG_WARN_ENUM_CONVERSION = YES;
				CLANG_WARN_INFINITE_RECURSION = YES;
				CLANG_WARN_INT_CONVERSION = YES;
				CLANG_WARN_NON_LITERAL_NULL_CONVERSION = YES;
				CLANG_WARN_OBJC_IMPLICIT_RETAIN_SELF = YES;
				CLANG_WARN_OBJC_LITERAL_CONVERSION = YES;
				CLANG_WARN_OBJC_ROOT_CLASS = YES_ERROR;
				CLANG_WARN_RANGE_LOOP_ANALYSIS = YES;
				CLANG_WARN_STRICT_PROTOTYPES = YES;
				CLANG_WARN_SUSPICIOUS_MOVE = YES;
				CLANG_WARN_UNGUARDED_AVAILABILITY = YES_AGGRESSIVE;
				CLANG_WARN_UNREACHABLE_CODE = YES;
				CLANG_WARN__DUPLICATE_METHOD_MATCH = YES;
				COPY_PHASE_STRIP = NO;
				DEBUG_INFORMATION_FORMAT = "dwarf-with-dsym";
				ENABLE_NS_ASSERTIONS = NO;
				ENABLE_STRICT_OBJC_MSGSEND = YES;
				GCC_C_LANGUAGE_STANDARD = gnu11;
				GCC_NO_COMMON_BLOCKS = YES;
				GCC_WARN_64_TO_32_BIT_CONVERSION = YES;
				GCC_WARN_ABOUT_RETURN_TYPE = YES_ERROR;
				GCC_WARN_UNDECLARED_SELECTOR = YES;
				GCC_WARN_UNINITIALIZED_AUTOS = YES_AGGRESSIVE;
				GCC_WARN_UNUSED_FUNCTION = YES;
				GCC_WARN_UNUSED_VARIABLE = YES;
				IPHONEOS_DEPLOYMENT_TARGET = 13.4;
				MTL_ENABLE_DEBUG_INFO = NO;
				MTL_FAST_MATH = YES;
				SDKROOT = iphoneos;
				SWIFT_COMPILATION_MODE = wholemodule;
				SWIFT_OPTIMIZATION_LEVEL = "-O";
				VALIDATE_PRODUCT = YES;
			};
			name = Release;
		};
		DBFA061E2459F26200A131B8 /* Debug */ = {
			isa = XCBuildConfiguration;
			buildSettings = {
				ASSETCATALOG_COMPILER_APPICON_NAME = AppIcon;
				CODE_SIGN_STYLE = Automatic;
				DEVELOPMENT_TEAM = HHNY8VNK5A;
				INFOPLIST_FILE = "Field Survey/Info.plist";
				LD_RUNPATH_SEARCH_PATHS = (
					"$(inherited)",
					"@executable_path/Frameworks",
				);
				PRODUCT_BUNDLE_IDENTIFIER = "redmond.Field-Survey";
				PRODUCT_NAME = "$(TARGET_NAME)";
				SWIFT_VERSION = 5.0;
				TARGETED_DEVICE_FAMILY = "1,2";
			};
			name = Debug;
		};
		DBFA061F2459F26200A131B8 /* Release */ = {
			isa = XCBuildConfiguration;
			buildSettings = {
				ASSETCATALOG_COMPILER_APPICON_NAME = AppIcon;
				CODE_SIGN_STYLE = Automatic;
				DEVELOPMENT_TEAM = HHNY8VNK5A;
				INFOPLIST_FILE = "Field Survey/Info.plist";
				LD_RUNPATH_SEARCH_PATHS = (
					"$(inherited)",
					"@executable_path/Frameworks",
				);
				PRODUCT_BUNDLE_IDENTIFIER = "redmond.Field-Survey";
				PRODUCT_NAME = "$(TARGET_NAME)";
				SWIFT_VERSION = 5.0;
				TARGETED_DEVICE_FAMILY = "1,2";
			};
			name = Release;
		};
		DBFA06212459F26200A131B8 /* Debug */ = {
			isa = XCBuildConfiguration;
			buildSettings = {
				ALWAYS_EMBED_SWIFT_STANDARD_LIBRARIES = YES;
				BUNDLE_LOADER = "$(TEST_HOST)";
				CODE_SIGN_STYLE = Automatic;
				DEVELOPMENT_TEAM = HHNY8VNK5A;
				INFOPLIST_FILE = "Field SurveyTests/Info.plist";
				IPHONEOS_DEPLOYMENT_TARGET = 13.4;
				LD_RUNPATH_SEARCH_PATHS = (
					"$(inherited)",
					"@executable_path/Frameworks",
					"@loader_path/Frameworks",
				);
				PRODUCT_BUNDLE_IDENTIFIER = "redmond.Field-SurveyTests";
				PRODUCT_NAME = "$(TARGET_NAME)";
				SWIFT_VERSION = 5.0;
				TARGETED_DEVICE_FAMILY = "1,2";
				TEST_HOST = "$(BUILT_PRODUCTS_DIR)/Field Survey.app/Field Survey";
			};
			name = Debug;
		};
		DBFA06222459F26200A131B8 /* Release */ = {
			isa = XCBuildConfiguration;
			buildSettings = {
				ALWAYS_EMBED_SWIFT_STANDARD_LIBRARIES = YES;
				BUNDLE_LOADER = "$(TEST_HOST)";
				CODE_SIGN_STYLE = Automatic;
				DEVELOPMENT_TEAM = HHNY8VNK5A;
				INFOPLIST_FILE = "Field SurveyTests/Info.plist";
				IPHONEOS_DEPLOYMENT_TARGET = 13.4;
				LD_RUNPATH_SEARCH_PATHS = (
					"$(inherited)",
					"@executable_path/Frameworks",
					"@loader_path/Frameworks",
				);
				PRODUCT_BUNDLE_IDENTIFIER = "redmond.Field-SurveyTests";
				PRODUCT_NAME = "$(TARGET_NAME)";
				SWIFT_VERSION = 5.0;
				TARGETED_DEVICE_FAMILY = "1,2";
				TEST_HOST = "$(BUILT_PRODUCTS_DIR)/Field Survey.app/Field Survey";
			};
			name = Release;
		};
		DBFA06242459F26200A131B8 /* Debug */ = {
			isa = XCBuildConfiguration;
			buildSettings = {
				ALWAYS_EMBED_SWIFT_STANDARD_LIBRARIES = YES;
				CODE_SIGN_STYLE = Automatic;
				DEVELOPMENT_TEAM = HHNY8VNK5A;
				INFOPLIST_FILE = "Field SurveyUITests/Info.plist";
				LD_RUNPATH_SEARCH_PATHS = (
					"$(inherited)",
					"@executable_path/Frameworks",
					"@loader_path/Frameworks",
				);
				PRODUCT_BUNDLE_IDENTIFIER = "redmond.Field-SurveyUITests";
				PRODUCT_NAME = "$(TARGET_NAME)";
				SWIFT_VERSION = 5.0;
				TARGETED_DEVICE_FAMILY = "1,2";
				TEST_TARGET_NAME = "Field Survey";
			};
			name = Debug;
		};
		DBFA06252459F26200A131B8 /* Release */ = {
			isa = XCBuildConfiguration;
			buildSettings = {
				ALWAYS_EMBED_SWIFT_STANDARD_LIBRARIES = YES;
				CODE_SIGN_STYLE = Automatic;
				DEVELOPMENT_TEAM = HHNY8VNK5A;
				INFOPLIST_FILE = "Field SurveyUITests/Info.plist";
				LD_RUNPATH_SEARCH_PATHS = (
					"$(inherited)",
					"@executable_path/Frameworks",
					"@loader_path/Frameworks",
				);
				PRODUCT_BUNDLE_IDENTIFIER = "redmond.Field-SurveyUITests";
				PRODUCT_NAME = "$(TARGET_NAME)";
				SWIFT_VERSION = 5.0;
				TARGETED_DEVICE_FAMILY = "1,2";
				TEST_TARGET_NAME = "Field Survey";
			};
			name = Release;
		};
/* End XCBuildConfiguration section */

/* Begin XCConfigurationList section */
		DBFA05EB2459F26100A131B8 /* Build configuration list for PBXProject "Field Survey" */ = {
			isa = XCConfigurationList;
			buildConfigurations = (
				DBFA061B2459F26200A131B8 /* Debug */,
				DBFA061C2459F26200A131B8 /* Release */,
			);
			defaultConfigurationIsVisible = 0;
			defaultConfigurationName = Release;
		};
		DBFA061D2459F26200A131B8 /* Build configuration list for PBXNativeTarget "Field Survey" */ = {
			isa = XCConfigurationList;
			buildConfigurations = (
				DBFA061E2459F26200A131B8 /* Debug */,
				DBFA061F2459F26200A131B8 /* Release */,
			);
			defaultConfigurationIsVisible = 0;
			defaultConfigurationName = Release;
		};
		DBFA06202459F26200A131B8 /* Build configuration list for PBXNativeTarget "Field SurveyTests" */ = {
			isa = XCConfigurationList;
			buildConfigurations = (
				DBFA06212459F26200A131B8 /* Debug */,
				DBFA06222459F26200A131B8 /* Release */,
			);
			defaultConfigurationIsVisible = 0;
			defaultConfigurationName = Release;
		};
		DBFA06232459F26200A131B8 /* Build configuration list for PBXNativeTarget "Field SurveyUITests" */ = {
			isa = XCConfigurationList;
			buildConfigurations = (
				DBFA06242459F26200A131B8 /* Debug */,
				DBFA06252459F26200A131B8 /* Release */,
			);
			defaultConfigurationIsVisible = 0;
			defaultConfigurationName = Release;
		};
/* End XCConfigurationList section */

/* Begin XCVersionGroup section */
		DBFA05FC2459F26100A131B8 /* Field_Survey.xcdatamodeld */ = {
			isa = XCVersionGroup;
			children = (
				DBFA05FD2459F26100A131B8 /* Field_Survey.xcdatamodel */,
			);
			currentVersion = DBFA05FD2459F26100A131B8 /* Field_Survey.xcdatamodel */;
			path = Field_Survey.xcdatamodeld;
			sourceTree = "<group>";
			versionGroupType = wrapper.xcdatamodel;
		};
/* End XCVersionGroup section */
	};
	rootObject = DBFA05E82459F26100A131B8 /* Project object */;
}
